
Microsoft Visual Studio Solution File, Format Version 12.00
# Visual Studio Version 17
VisualStudioVersion = 17.8.34322.80
MinimumVisualStudioVersion = 10.0.40219.1
Project("{9A19103F-16F7-4668-BE54-9A1E7A4F7556}") = "LibraryManagement", "LibraryManagement\LibraryManagement.csproj", "{54D94EE9-7E5D-440F-B87F-50C0EE04E052}"
EndProject
Global
	GlobalSection(SolutionConfigurationPlatforms) = preSolution
		Debug|Any CPU = Debug|Any CPU
		Release|Any CPU = Release|Any CPU
	EndGlobalSection
	GlobalSection(ProjectConfigurationPlatforms) = postSolution
		{54D94EE9-7E5D-440F-B87F-50C0EE04E052}.Debug|Any CPU.ActiveCfg = Debug|Any CPU
		{54D94EE9-7E5D-440F-B87F-50C0EE04E052}.Debug|Any CPU.Build.0 = Debug|Any CPU
		{54D94EE9-7E5D-440F-B87F-50C0EE04E052}.Release|Any CPU.ActiveCfg = Release|Any CPU
		{54D94EE9-7E5D-440F-B87F-50C0EE04E052}.Release|Any CPU.Build.0 = Release|Any CPU
	EndGlobalSection
	GlobalSection(SolutionProperties) = preSolution
		HideSolutionNode = FALSE
	EndGlobalSection
	GlobalSection(ExtensibilityGlobals) = postSolution
		SolutionGuid = {76B5B42A-4B70-48A1-AA66-6A9EE45758F4}
	EndGlobalSection
EndGlobal
